
Microsoft Visual Studio Solution File, Format Version 12.00
# Visual Studio Version 17
VisualStudioVersion = 17.8.34330.188
MinimumVisualStudioVersion = 10.0.40219.1
Project("{FAE04EC0-301F-11D3-BF4B-00C04F79EFBC}") = "ConsoleApp1", "ConsoleApp1\ConsoleApp1.csproj", "{D85A58B7-BED4-4678-8594-DA9F557D377C}"
EndProject
Global
	GlobalSection(SolutionConfigurationPlatforms) = preSolution
		Debug|Any CPU = Debug|Any CPU
		Release|Any CPU = Release|Any CPU
	EndGlobalSection
	GlobalSection(ProjectConfigurationPlatforms) = postSolution
		{D85A58B7-BED4-4678-8594-DA9F557D377C}.Debug|Any CPU.ActiveCfg = Debug|Any CPU
		{D85A58B7-BED4-4678-8594-DA9F557D377C}.Debug|Any CPU.Build.0 = Debug|Any CPU
		{D85A58B7-BED4-4678-8594-DA9F557D377C}.Release|Any CPU.ActiveCfg = Release|Any CPU
		{D85A58B7-BED4-4678-8594-DA9F557D377C}.Release|Any CPU.Build.0 = Release|Any CPU
	EndGlobalSection
	GlobalSection(SolutionProperties) = preSolution
		HideSolutionNode = FALSE
	EndGlobalSection
	GlobalSection(ExtensibilityGlobals) = postSolution
		SolutionGuid = {DDEB5A84-B591-47DC-81AF-D3357F355744}
	EndGlobalSection
EndGlobal
