
Microsoft Visual Studio Solution File, Format Version 12.00
# Visual Studio Version 17
VisualStudioVersion = 17.8.34330.188
MinimumVisualStudioVersion = 10.0.40219.1
Project("{FAE04EC0-301F-11D3-BF4B-00C04F79EFBC}") = "puzzle 2", "puzzle 2\puzzle 2.csproj", "{0BD8B3C3-FE2D-42D2-8B8A-E61DBFDE83BE}"
EndProject
Global
	GlobalSection(SolutionConfigurationPlatforms) = preSolution
		Debug|Any CPU = Debug|Any CPU
		Release|Any CPU = Release|Any CPU
	EndGlobalSection
	GlobalSection(ProjectConfigurationPlatforms) = postSolution
		{0BD8B3C3-FE2D-42D2-8B8A-E61DBFDE83BE}.Debug|Any CPU.ActiveCfg = Debug|Any CPU
		{0BD8B3C3-FE2D-42D2-8B8A-E61DBFDE83BE}.Debug|Any CPU.Build.0 = Debug|Any CPU
		{0BD8B3C3-FE2D-42D2-8B8A-E61DBFDE83BE}.Release|Any CPU.ActiveCfg = Release|Any CPU
		{0BD8B3C3-FE2D-42D2-8B8A-E61DBFDE83BE}.Release|Any CPU.Build.0 = Release|Any CPU
	EndGlobalSection
	GlobalSection(SolutionProperties) = preSolution
		HideSolutionNode = FALSE
	EndGlobalSection
	GlobalSection(ExtensibilityGlobals) = postSolution
		SolutionGuid = {BCC53699-860C-4971-918D-9B0D187389A6}
	EndGlobalSection
EndGlobal
