
Microsoft Visual Studio Solution File, Format Version 12.00
# Visual Studio Version 17
VisualStudioVersion = 17.9.34723.18
MinimumVisualStudioVersion = 10.0.40219.1
Project("{9A19103F-16F7-4668-BE54-9A1E7A4F7556}") = "ClientSide", "ClientSide\ClientSide.csproj", "{4800B044-84D3-4C62-963B-1C1D6DE2CB78}"
EndProject
Project("{FAE04EC0-301F-11D3-BF4B-00C04F79EFBC}") = "BuilderLibrary", "BuilderLibrary\BuilderLibrary.csproj", "{1CFEBFE0-F576-4CB4-8864-479FE24C0BCC}"
EndProject
Global
	GlobalSection(SolutionConfigurationPlatforms) = preSolution
		Debug|Any CPU = Debug|Any CPU
		Release|Any CPU = Release|Any CPU
	EndGlobalSection
	GlobalSection(ProjectConfigurationPlatforms) = postSolution
		{4800B044-84D3-4C62-963B-1C1D6DE2CB78}.Debug|Any CPU.ActiveCfg = Debug|Any CPU
		{4800B044-84D3-4C62-963B-1C1D6DE2CB78}.Debug|Any CPU.Build.0 = Debug|Any CPU
		{4800B044-84D3-4C62-963B-1C1D6DE2CB78}.Release|Any CPU.ActiveCfg = Release|Any CPU
		{4800B044-84D3-4C62-963B-1C1D6DE2CB78}.Release|Any CPU.Build.0 = Release|Any CPU
		{1CFEBFE0-F576-4CB4-8864-479FE24C0BCC}.Debug|Any CPU.ActiveCfg = Debug|Any CPU
		{1CFEBFE0-F576-4CB4-8864-479FE24C0BCC}.Debug|Any CPU.Build.0 = Debug|Any CPU
		{1CFEBFE0-F576-4CB4-8864-479FE24C0BCC}.Release|Any CPU.ActiveCfg = Release|Any CPU
		{1CFEBFE0-F576-4CB4-8864-479FE24C0BCC}.Release|Any CPU.Build.0 = Release|Any CPU
	EndGlobalSection
	GlobalSection(SolutionProperties) = preSolution
		HideSolutionNode = FALSE
	EndGlobalSection
	GlobalSection(ExtensibilityGlobals) = postSolution
		SolutionGuid = {03695B45-157F-4C3D-BB55-38C6A92F6E2F}
	EndGlobalSection
EndGlobal
