
Microsoft Visual Studio Solution File, Format Version 12.00
# Visual Studio Version 17
VisualStudioVersion = 17.9.34723.18
MinimumVisualStudioVersion = 10.0.40219.1
Project("{9A19103F-16F7-4668-BE54-9A1E7A4F7556}") = "ReaptingUserName", "Flyweight\ReaptingUserName.csproj", "{C09EA755-C800-486A-B35E-D610DD62FD9D}"
EndProject
Project("{FAE04EC0-301F-11D3-BF4B-00C04F79EFBC}") = "Text Formatting", "Text Formatting\Text Formatting.csproj", "{9DF6C6EE-3C03-4B92-946F-5B16303ACB85}"
EndProject
Project("{FAE04EC0-301F-11D3-BF4B-00C04F79EFBC}") = "text", "text\text.csproj", "{8E791059-D4A0-439B-AA59-1CF0D4F0E8F6}"
EndProject
Global
	GlobalSection(SolutionConfigurationPlatforms) = preSolution
		Debug|Any CPU = Debug|Any CPU
		Release|Any CPU = Release|Any CPU
	EndGlobalSection
	GlobalSection(ProjectConfigurationPlatforms) = postSolution
		{C09EA755-C800-486A-B35E-D610DD62FD9D}.Debug|Any CPU.ActiveCfg = Debug|Any CPU
		{C09EA755-C800-486A-B35E-D610DD62FD9D}.Debug|Any CPU.Build.0 = Debug|Any CPU
		{C09EA755-C800-486A-B35E-D610DD62FD9D}.Release|Any CPU.ActiveCfg = Release|Any CPU
		{C09EA755-C800-486A-B35E-D610DD62FD9D}.Release|Any CPU.Build.0 = Release|Any CPU
		{9DF6C6EE-3C03-4B92-946F-5B16303ACB85}.Debug|Any CPU.ActiveCfg = Debug|Any CPU
		{9DF6C6EE-3C03-4B92-946F-5B16303ACB85}.Debug|Any CPU.Build.0 = Debug|Any CPU
		{9DF6C6EE-3C03-4B92-946F-5B16303ACB85}.Release|Any CPU.ActiveCfg = Release|Any CPU
		{9DF6C6EE-3C03-4B92-946F-5B16303ACB85}.Release|Any CPU.Build.0 = Release|Any CPU
		{8E791059-D4A0-439B-AA59-1CF0D4F0E8F6}.Debug|Any CPU.ActiveCfg = Debug|Any CPU
		{8E791059-D4A0-439B-AA59-1CF0D4F0E8F6}.Debug|Any CPU.Build.0 = Debug|Any CPU
		{8E791059-D4A0-439B-AA59-1CF0D4F0E8F6}.Release|Any CPU.ActiveCfg = Release|Any CPU
		{8E791059-D4A0-439B-AA59-1CF0D4F0E8F6}.Release|Any CPU.Build.0 = Release|Any CPU
	EndGlobalSection
	GlobalSection(SolutionProperties) = preSolution
		HideSolutionNode = FALSE
	EndGlobalSection
	GlobalSection(ExtensibilityGlobals) = postSolution
		SolutionGuid = {F83569A8-1FED-4DAD-9249-4A2B2492FB4D}
	EndGlobalSection
EndGlobal
